{
  "pins" : [
    {
      "identity" : "ios-maps-sdk",
      "kind" : "remoteSourceControl",
      "location" : "https://github.com/googlemaps/ios-maps-sdk",
      "state" : {
        "revision" : "98096f0cd3524e7217fe36936dc1a0c738819f9c",
        "version" : "10.14.0"
      }
    },
    {
      "identity" : "maplibre-gl-native-distribution",
      "kind" : "remoteSourceControl",
      "location" : "https://github.com/maplibre/maplibre-gl-native-distribution.git",
      "state" : {
        "revision" : "0bec203e111b2b3243fcacdb23ba4dc164756c7b",
        "version" : "6.26.1"
      }
    }
  ],
  "version" : 2
}
